
Microsoft Visual Studio Solution File, Format Version 12.00
# Visual Studio Version 16
VisualStudioVersion = 16.0.30128.74
MinimumVisualStudioVersion = 10.0.40219.1
Project("{FAE04EC0-301F-11D3-BF4B-00C04F79EFBC}") = "AppMonoWeb", "AppMonoWeb\AppMonoWeb.csproj", "{816C181B-606B-45A6-A91C-F4DA5B5AFF47}"
EndProject
Global
	GlobalSection(SolutionConfigurationPlatforms) = preSolution
		Debug|Any CPU = Debug|Any CPU
		Release|Any CPU = Release|Any CPU
	EndGlobalSection
	GlobalSection(ProjectConfigurationPlatforms) = postSolution
		{816C181B-606B-45A6-A91C-F4DA5B5AFF47}.Debug|Any CPU.ActiveCfg = Debug|Any CPU
		{816C181B-606B-45A6-A91C-F4DA5B5AFF47}.Debug|Any CPU.Build.0 = Debug|Any CPU
		{816C181B-606B-45A6-A91C-F4DA5B5AFF47}.Release|Any CPU.ActiveCfg = Release|Any CPU
		{816C181B-606B-45A6-A91C-F4DA5B5AFF47}.Release|Any CPU.Build.0 = Release|Any CPU
	EndGlobalSection
	GlobalSection(SolutionProperties) = preSolution
		HideSolutionNode = FALSE
	EndGlobalSection
	GlobalSection(ExtensibilityGlobals) = postSolution
		SolutionGuid = {760D650F-3A2F-4195-B9D9-6A6BD9566449}
	EndGlobalSection
EndGlobal
